
Microsoft Visual Studio Solution File, Format Version 12.00
# Visual Studio Version 16
VisualStudioVersion = 16.0.30907.101
MinimumVisualStudioVersion = 10.0.40219.1
Project("{FAE04EC0-301F-11D3-BF4B-00C04F79EFBC}") = "EMPLOYEE", "EMPLOYEE.csproj", "{9BB56884-394F-4CB6-8CE5-8892F171E5D0}"
EndProject
Global
	GlobalSection(SolutionConfigurationPlatforms) = preSolution
		Debug|Any CPU = Debug|Any CPU
		Release|Any CPU = Release|Any CPU
	EndGlobalSection
	GlobalSection(ProjectConfigurationPlatforms) = postSolution
		{9BB56884-394F-4CB6-8CE5-8892F171E5D0}.Debug|Any CPU.ActiveCfg = Debug|Any CPU
		{9BB56884-394F-4CB6-8CE5-8892F171E5D0}.Debug|Any CPU.Build.0 = Debug|Any CPU
		{9BB56884-394F-4CB6-8CE5-8892F171E5D0}.Release|Any CPU.ActiveCfg = Release|Any CPU
		{9BB56884-394F-4CB6-8CE5-8892F171E5D0}.Release|Any CPU.Build.0 = Release|Any CPU
	EndGlobalSection
	GlobalSection(SolutionProperties) = preSolution
		HideSolutionNode = FALSE
	EndGlobalSection
	GlobalSection(ExtensibilityGlobals) = postSolution
		SolutionGuid = {96E46994-294F-40B0-8D0C-8429E0B1896C}
	EndGlobalSection
EndGlobal
